
Microsoft Visual Studio Solution File, Format Version 12.00
# Visual Studio Version 17
VisualStudioVersion = 17.13.35825.156 d17.13
MinimumVisualStudioVersion = 10.0.40219.1
Project("{FAE04EC0-301F-11D3-BF4B-00C04F79EFBC}") = "ConsoleApp3", "ConsoleApp3\ConsoleApp3.csproj", "{AE9CF3F7-34DB-45DB-BA43-BDF0CE1528DF}"
EndProject
Global
	GlobalSection(SolutionConfigurationPlatforms) = preSolution
		Debug|Any CPU = Debug|Any CPU
		Release|Any CPU = Release|Any CPU
	EndGlobalSection
	GlobalSection(ProjectConfigurationPlatforms) = postSolution
		{AE9CF3F7-34DB-45DB-BA43-BDF0CE1528DF}.Debug|Any CPU.ActiveCfg = Debug|Any CPU
		{AE9CF3F7-34DB-45DB-BA43-BDF0CE1528DF}.Debug|Any CPU.Build.0 = Debug|Any CPU
		{AE9CF3F7-34DB-45DB-BA43-BDF0CE1528DF}.Release|Any CPU.ActiveCfg = Release|Any CPU
		{AE9CF3F7-34DB-45DB-BA43-BDF0CE1528DF}.Release|Any CPU.Build.0 = Release|Any CPU
	EndGlobalSection
	GlobalSection(SolutionProperties) = preSolution
		HideSolutionNode = FALSE
	EndGlobalSection
	GlobalSection(ExtensibilityGlobals) = postSolution
		SolutionGuid = {E14C4C6E-FDD2-4AB3-B500-AD769DF4F135}
	EndGlobalSection
EndGlobal
